PODS:
  - AFNetworking (3.1.0):
    - AFNetworking/NSURLSession (= 3.1.0)
    - AFNetworking/Reachability (= 3.1.0)
    - AFNetworking/Security (= 3.1.0)
    - AFNetworking/Serialization (= 3.1.0)
    - AFNetworking/UIKit (= 3.1.0)
  - AFNetworking/NSURLSession (3.1.0):
    - AFNetworking/Reachability
    - AFNetworking/Security
    - AFNetworking/Serialization
  - AFNetworking/Reachability (3.1.0)
  - AFNetworking/Security (3.1.0)
  - AFNetworking/Serialization (3.1.0)
  - AFNetworking/UIKit (3.1.0):
    - AFNetworking/NSURLSession
  - BaiduMapKit (3.3.0)
  - LJPodTestwzt (0.1.0):
    - AFNetworking
    - BaiduMapKit

DEPENDENCIES:
  - AFNetworking
  - LJPodTestwzt (from `../0.1.0/`)

EXTERNAL SOURCES:
  LJPodTestwzt:
    :path: "../0.1.0/"

SPEC CHECKSUMS:
  AFNetworking: 5e0e199f73d8626b11e79750991f5d173d1f8b67
  BaiduMapKit: 6517f84bdca032170ee9da39985bb64eba8ed900
  LJPodTestwzt: ea04db2c6059f8ff0c1183da1dc7967e8ad1f763

PODFILE CHECKSUM: 388c6c17cfcaaf289c35730783f0510a4b4cd7fb

COCOAPODS: 1.2.1
