// !$*UTF8*$!
{
	archiveVersion = 1;
	classes = {
	};
	objectVersion = 46;
	objects = {

/* Begin PBXBuildFile section */
		3CF70735B1BCE19469008340 /* Pods_PodTest_Example.framework in Frameworks */ = {isa = PBXBuildFile; fileRef = 96880BFD73B91FC8C5960E16 /* Pods_PodTest_Example.framework */; };
		6003F58E195388D20070C39A /* Foundation.framework in Frameworks */ = {isa = PBXBuildFile; fileRef = 6003F58D195388D20070C39A /* Foundation.framework */; };
		6003F590195388D20070C39A /* CoreGraphics.framework in Frameworks */ = {isa = PBXBuildFile; fileRef = 6003F58F195388D20070C39A /* CoreGraphics.framework */; };
		6003F592195388D20070C39A /* UIKit.framework in Frameworks */ = {isa = PBXBuildFile; fileRef = 6003F591195388D20070C39A /* UIKit.framework */; };
		6003F598195388D20070C39A /* InfoPlist.strings in Resources */ = {isa = PBXBuildFile; fileRef = 6003F596195388D20070C39A /* InfoPlist.strings */; };
		6003F59A195388D20070C39A /* main.m in Sources */ = {isa = PBXBuildFile; fileRef = 6003F599195388D20070C39A /* main.m */; };
		6003F59E195388D20070C39A /* ZTAppDelegate.m in Sources */ = {isa = PBXBuildFile; fileRef = 6003F59D195388D20070C39A /* ZTAppDelegate.m */; };
		6003F5A7195388D20070C39A /* ZTViewController.m in Sources */ = {isa = PBXBuildFile; fileRef = 6003F5A6195388D20070C39A /* ZTViewController.m */; };
		6003F5A9195388D20070C39A /* Images.xcassets in Resources */ = {isa = PBXBuildFile; fileRef = 6003F5A8195388D20070C39A /* Images.xcassets */; };
		6003F5B0195388D20070C39A /* XCTest.framework in Frameworks */ = {isa = PBXBuildFile; fileRef = 6003F5AF195388D20070C39A /* XCTest.framework */; };
		6003F5B1195388D20070C39A /* Foundation.framework in Frameworks */ = {isa = PBXBuildFile; fileRef = 6003F58D195388D20070C39A /* Foundation.framework */; };
		6003F5B2195388D20070C39A /* UIKit.framework in Frameworks */ = {isa = PBXBuildFile; fileRef = 6003F591195388D20070C39A /* UIKit.framework */; };
		6003F5BA195388D20070C39A /* InfoPlist.strings in Resources */ = {isa = PBXBuildFile; fileRef = 6003F5B8195388D20070C39A /* InfoPlist.strings */; };
		6003F5BC195388D20070C39A /* Tests.m in Sources */ = {isa = PBXBuildFile; fileRef = 6003F5BB195388D20070C39A /* Tests.m */; };
		71719F9F1E33DC2100824A3D /* LaunchScreen.storyboard in Resources */ = {isa = PBXBuildFile; fileRef = 71719F9D1E33DC2100824A3D /* LaunchScreen.storyboard */; };
		873B8AEB1B1F5CCA007FD442 /* Main.storyboard in Resources */ = {isa = PBXBuildFile; fileRef = 873B8AEA1B1F5CCA007FD442 /* Main.storyboard */; };
		BE5C8AF91AB502D459E0F26D /* Pods_PodTestBinary.framework in Frameworks */ = {isa = PBXBuildFile; fileRef = 9841E547F2CBADAFEFFFC68D /* Pods_PodTestBinary.framework */; };
		D5604C4FBBB9500176F585EF /* Pods_PodTest_Tests.framework in Frameworks */ = {isa = PBXBuildFile; fileRef = 564B2D7393340A59164259EF /* Pods_PodTest_Tests.framework */; };
		E3790EFA1EAC9BCA00C60EA5 /* PodTestBinary.h in Headers */ = {isa = PBXBuildFile; fileRef = E3790EF81EAC9BCA00C60EA5 /* PodTestBinary.h */; settings = {ATTRIBUTES = (Public, ); }; };
		E3790EFD1EAC9BCA00C60EA5 /* PodTestBinary.framework in Frameworks */ = {isa = PBXBuildFile; fileRef = E3790EF61EAC9BCA00C60EA5 /* PodTestBinary.framework */; };
		E3790EFE1EAC9BCA00C60EA5 /* PodTestBinary.framework in Embed Frameworks */ = {isa = PBXBuildFile; fileRef = E3790EF61EAC9BCA00C60EA5 /* PodTestBinary.framework */; settings = {ATTRIBUTES = (CodeSignOnCopy, RemoveHeadersOnCopy, ); }; };
		E3790F0C1EAC9C0A00C60EA5 /* test.h in Headers */ = {isa = PBXBuildFile; fileRef = E3790F0A1EAC9C0A00C60EA5 /* test.h */; settings = {ATTRIBUTES = (Public, ); }; };
		E3790F0D1EAC9C0A00C60EA5 /* test.m in Sources */ = {isa = PBXBuildFile; fileRef = E3790F0B1EAC9C0A00C60EA5 /* test.m */; };
		E3C79D8D1EAF4D9400464BDC /* test.xib in Resources */ = {isa = PBXBuildFile; fileRef = E3C79D8C1EAF4D9400464BDC /* test.xib */; };
/* End PBXBuildFile section */

/* Begin PBXContainerItemProxy section */
		6003F5B3195388D20070C39A /* PBXContainerItemProxy */ = {
			isa = PBXContainerItemProxy;
			containerPortal = 6003F582195388D10070C39A /* Project object */;
			proxyType = 1;
			remoteGlobalIDString = 6003F589195388D20070C39A;
			remoteInfo = PodTest;
		};
		E3790EFB1EAC9BCA00C60EA5 /* PBXContainerItemProxy */ = {
			isa = PBXContainerItemProxy;
			containerPortal = 6003F582195388D10070C39A /* Project object */;
			proxyType = 1;
			remoteGlobalIDString = E3790EF51EAC9BCA00C60EA5;
			remoteInfo = PodTestBinary;
		};
/* End PBXContainerItemProxy section */

/* Begin PBXCopyFilesBuildPhase section */
		E3790EE81EAC986300C60EA5 /* Embed Frameworks */ = {
			isa = PBXCopyFilesBuildPhase;
			buildActionMask = 2147483647;
			dstPath = "";
			dstSubfolderSpec = 10;
			files = (
				E3790EFE1EAC9BCA00C60EA5 /* PodTestBinary.framework in Embed Frameworks */,
			);
			name = "Embed Frameworks";
			runOnlyForDeploymentPostprocessing = 0;
		};
/* End PBXCopyFilesBuildPhase section */

/* Begin PBXFileReference section */
		0D79AF04B2ED6BCCBE3543F5 /* Pods-PodTest_Example.release.xcconfig */ = {isa = PBXFileReference; includeInIndex = 1; lastKnownFileType = text.xcconfig; name = "Pods-PodTest_Example.release.xcconfig"; path = "Pods/Target Support Files/Pods-PodTest_Example/Pods-PodTest_Example.release.xcconfig"; sourceTree = "<group>"; };
		14DC47398FED2F36790E2FDB /* Pods-PodTest_Tests.debug.xcconfig */ = {isa = PBXFileReference; includeInIndex = 1; lastKnownFileType = text.xcconfig; name = "Pods-PodTest_Tests.debug.xcconfig"; path = "Pods/Target Support Files/Pods-PodTest_Tests/Pods-PodTest_Tests.debug.xcconfig"; sourceTree = "<group>"; };
		1EB4A3E275A41415C4978563 /* Pods-TestBinary.release.xcconfig */ = {isa = PBXFileReference; includeInIndex = 1; lastKnownFileType = text.xcconfig; name = "Pods-TestBinary.release.xcconfig"; path = "Pods/Target Support Files/Pods-TestBinary/Pods-TestBinary.release.xcconfig"; sourceTree = "<group>"; };
		377DB171E69BFC5AE06CDA86 /* Pods-PodTest_Tests.release.xcconfig */ = {isa = PBXFileReference; includeInIndex = 1; lastKnownFileType = text.xcconfig; name = "Pods-PodTest_Tests.release.xcconfig"; path = "Pods/Target Support Files/Pods-PodTest_Tests/Pods-PodTest_Tests.release.xcconfig"; sourceTree = "<group>"; };
		41666C222503DF5E1D5EDA87 /* PodTest.podspec */ = {isa = PBXFileReference; includeInIndex = 1; lastKnownFileType = text; name = PodTest.podspec; path = ../PodTest.podspec; sourceTree = "<group>"; };
		564B2D7393340A59164259EF /* Pods_PodTest_Tests.framework */ = {isa = PBXFileReference; explicitFileType = wrapper.framework; includeInIndex = 0; path = Pods_PodTest_Tests.framework; sourceTree = BUILT_PRODUCTS_DIR; };
		6003F58A195388D20070C39A /* PodTest_Example.app */ = {isa = PBXFileReference; explicitFileType = wrapper.application; includeInIndex = 0; path = PodTest_Example.app; sourceTree = BUILT_PRODUCTS_DIR; };
		6003F58D195388D20070C39A /* Foundation.framework */ = {isa = PBXFileReference; lastKnownFileType = wrapper.framework; name = Foundation.framework; path = System/Library/Frameworks/Foundation.framework; sourceTree = SDKROOT; };
		6003F58F195388D20070C39A /* CoreGraphics.framework */ = {isa = PBXFileReference; lastKnownFileType = wrapper.framework; name = CoreGraphics.framework; path = System/Library/Frameworks/CoreGraphics.framework; sourceTree = SDKROOT; };
		6003F591195388D20070C39A /* UIKit.framework */ = {isa = PBXFileReference; lastKnownFileType = wrapper.framework; name = UIKit.framework; path = System/Library/Frameworks/UIKit.framework; sourceTree = SDKROOT; };
		6003F595195388D20070C39A /* PodTest-Info.plist */ = {isa = PBXFileReference; lastKnownFileType = text.plist.xml; path = "PodTest-Info.plist"; sourceTree = "<group>"; };
		6003F597195388D20070C39A /* en */ = {isa = PBXFileReference; lastKnownFileType = text.plist.strings; name = en; path = en.lproj/InfoPlist.strings; sourceTree = "<group>"; };
		6003F599195388D20070C39A /* main.m */ = {isa = PBXFileReference; lastKnownFileType = sourcecode.c.objc; path = main.m; sourceTree = "<group>"; };
		6003F59B195388D20070C39A /* PodTest-Prefix.pch */ = {isa = PBXFileReference; lastKnownFileType = sourcecode.c.h; path = "PodTest-Prefix.pch"; sourceTree = "<group>"; };
		6003F59C195388D20070C39A /* ZTAppDelegate.h */ = {isa = PBXFileReference; lastKnownFileType = sourcecode.c.h; path = ZTAppDelegate.h; sourceTree = "<group>"; };
		6003F59D195388D20070C39A /* ZTAppDelegate.m */ = {isa = PBXFileReference; lastKnownFileType = sourcecode.c.objc; path = ZTAppDelegate.m; sourceTree = "<group>"; };
		6003F5A5195388D20070C39A /* ZTViewController.h */ = {isa = PBXFileReference; lastKnownFileType = sourcecode.c.h; path = ZTViewController.h; sourceTree = "<group>"; };
		6003F5A6195388D20070C39A /* ZTViewController.m */ = {isa = PBXFileReference; lastKnownFileType = sourcecode.c.objc; path = ZTViewController.m; sourceTree = "<group>"; };
		6003F5A8195388D20070C39A /* Images.xcassets */ = {isa = PBXFileReference; lastKnownFileType = folder.assetcatalog; path = Images.xcassets; sourceTree = "<group>"; };
		6003F5AE195388D20070C39A /* PodTest_Tests.xctest */ = {isa = PBXFileReference; explicitFileType = wrapper.cfbundle; includeInIndex = 0; path = PodTest_Tests.xctest; sourceTree = BUILT_PRODUCTS_DIR; };
		6003F5AF195388D20070C39A /* XCTest.framework */ = {isa = PBXFileReference; lastKnownFileType = wrapper.framework; name = XCTest.framework; path = Library/Frameworks/XCTest.framework; sourceTree = DEVELOPER_DIR; };
		6003F5B7195388D20070C39A /* Tests-Info.plist */ = {isa = PBXFileReference; lastKnownFileType = text.plist.xml; path = "Tests-Info.plist"; sourceTree = "<group>"; };
		6003F5B9195388D20070C39A /* en */ = {isa = PBXFileReference; lastKnownFileType = text.plist.strings; name = en; path = en.lproj/InfoPlist.strings; sourceTree = "<group>"; };
		6003F5BB195388D20070C39A /* Tests.m */ = {isa = PBXFileReference; lastKnownFileType = sourcecode.c.objc; path = Tests.m; sourceTree = "<group>"; };
		606FC2411953D9B200FFA9A0 /* Tests-Prefix.pch */ = {isa = PBXFileReference; lastKnownFileType = sourcecode.c.h; path = "Tests-Prefix.pch"; sourceTree = "<group>"; };
		71719F9E1E33DC2100824A3D /* Base */ = {isa = PBXFileReference; lastKnownFileType = file.storyboard; name = Base; path = Base.lproj/LaunchScreen.storyboard; sourceTree = "<group>"; };
		72C341A1B590ED565968BFCB /* Pods-PodTestBinary.debug.xcconfig */ = {isa = PBXFileReference; includeInIndex = 1; lastKnownFileType = text.xcconfig; name = "Pods-PodTestBinary.debug.xcconfig"; path = "Pods/Target Support Files/Pods-PodTestBinary/Pods-PodTestBinary.debug.xcconfig"; sourceTree = "<group>"; };
		8587A093920CB35D310DB21A /* Pods_TestBinary.framework */ = {isa = PBXFileReference; explicitFileType = wrapper.framework; includeInIndex = 0; path = Pods_TestBinary.framework; sourceTree = BUILT_PRODUCTS_DIR; };
		873B8AEA1B1F5CCA007FD442 /* Main.storyboard */ = {isa = PBXFileReference; fileEncoding = 4; lastKnownFileType = file.storyboard; name = Main.storyboard; path = Base.lproj/Main.storyboard; sourceTree = "<group>"; };
		8A75B221C44702EFDDE76C65 /* Pods-PodTestBinary.release.xcconfig */ = {isa = PBXFileReference; includeInIndex = 1; lastKnownFileType = text.xcconfig; name = "Pods-PodTestBinary.release.xcconfig"; path = "Pods/Target Support Files/Pods-PodTestBinary/Pods-PodTestBinary.release.xcconfig"; sourceTree = "<group>"; };
		96880BFD73B91FC8C5960E16 /* Pods_PodTest_Example.framework */ = {isa = PBXFileReference; explicitFileType = wrapper.framework; includeInIndex = 0; path = Pods_PodTest_Example.framework; sourceTree = BUILT_PRODUCTS_DIR; };
		9841E547F2CBADAFEFFFC68D /* Pods_PodTestBinary.framework */ = {isa = PBXFileReference; explicitFileType = wrapper.framework; includeInIndex = 0; path = Pods_PodTestBinary.framework; sourceTree = BUILT_PRODUCTS_DIR; };
		B119737A8575510D48D661FF /* LICENSE */ = {isa = PBXFileReference; includeInIndex = 1; lastKnownFileType = text; name = LICENSE; path = ../LICENSE; sourceTree = "<group>"; };
		B19523D65ABF304218EA7B17 /* Pods-PodTest_Example.debug.xcconfig */ = {isa = PBXFileReference; includeInIndex = 1; lastKnownFileType = text.xcconfig; name = "Pods-PodTest_Example.debug.xcconfig"; path = "Pods/Target Support Files/Pods-PodTest_Example/Pods-PodTest_Example.debug.xcconfig"; sourceTree = "<group>"; };
		C6E9D7B5EFC915B9AA58082A /* Pods-TestBinary.debug.xcconfig */ = {isa = PBXFileReference; includeInIndex = 1; lastKnownFileType = text.xcconfig; name = "Pods-TestBinary.debug.xcconfig"; path = "Pods/Target Support Files/Pods-TestBinary/Pods-TestBinary.debug.xcconfig"; sourceTree = "<group>"; };
		D379A3DB9749CFE4A9239FCE /* README.md */ = {isa = PBXFileReference; includeInIndex = 1; lastKnownFileType = net.daringfireball.markdown; name = README.md; path = ../README.md; sourceTree = "<group>"; };
		E3790EF61EAC9BCA00C60EA5 /* PodTestBinary.framework */ = {isa = PBXFileReference; explicitFileType = wrapper.framework; includeInIndex = 0; path = PodTestBinary.framework; sourceTree = BUILT_PRODUCTS_DIR; };
		E3790EF81EAC9BCA00C60EA5 /* PodTestBinary.h */ = {isa = PBXFileReference; lastKnownFileType = sourcecode.c.h; path = PodTestBinary.h; sourceTree = "<group>"; };
		E3790EF91EAC9BCA00C60EA5 /* Info.plist */ = {isa = PBXFileReference; lastKnownFileType = text.plist.xml; path = Info.plist; sourceTree = "<group>"; };
		E3790F0A1EAC9C0A00C60EA5 /* test.h */ = {isa = PBXFileReference; fileEncoding = 4; lastKnownFileType = sourcecode.c.h; name = test.h; path = ../../PodTest/Classes/test.h; sourceTree = "<group>"; };
		E3790F0B1EAC9C0A00C60EA5 /* test.m */ = {isa = PBXFileReference; fileEncoding = 4; lastKnownFileType = sourcecode.c.objc; name = test.m; path = ../../PodTest/Classes/test.m; sourceTree = "<group>"; };
		E3790F6B1EAD069100C60EA5 /* main.m */ = {isa = PBXFileReference; lastKnownFileType = sourcecode.c.objc; path = main.m; sourceTree = "<group>"; };
		E3790F6D1EAD069100C60EA5 /* AppDelegate.h */ = {isa = PBXFileReference; lastKnownFileType = sourcecode.c.h; path = AppDelegate.h; sourceTree = "<group>"; };
		E3790F6E1EAD069100C60EA5 /* AppDelegate.m */ = {isa = PBXFileReference; lastKnownFileType = sourcecode.c.objc; path = AppDelegate.m; sourceTree = "<group>"; };
		E3790F701EAD069100C60EA5 /* ViewController.h */ = {isa = PBXFileReference; lastKnownFileType = sourcecode.c.h; path = ViewController.h; sourceTree = "<group>"; };
		E3790F711EAD069100C60EA5 /* ViewController.m */ = {isa = PBXFileReference; lastKnownFileType = sourcecode.c.objc; path = ViewController.m; sourceTree = "<group>"; };
		E3790F741EAD069100C60EA5 /* Base */ = {isa = PBXFileReference; lastKnownFileType = file.storyboard; name = Base; path = Base.lproj/Main.storyboard; sourceTree = "<group>"; };
		E3790F761EAD069100C60EA5 /* Assets.xcassets */ = {isa = PBXFileReference; lastKnownFileType = folder.assetcatalog; path = Assets.xcassets; sourceTree = "<group>"; };
		E3790F791EAD069100C60EA5 /* Base */ = {isa = PBXFileReference; lastKnownFileType = file.storyboard; name = Base; path = Base.lproj/LaunchScreen.storyboard; sourceTree = "<group>"; };
		E3790F7B1EAD069100C60EA5 /* Info.plist */ = {isa = PBXFileReference; lastKnownFileType = text.plist.xml; path = Info.plist; sourceTree = "<group>"; };
		E3C79D8C1EAF4D9400464BDC /* test.xib */ = {isa = PBXFileReference; fileEncoding = 4; lastKnownFileType = file.xib; name = test.xib; path = ../../PodTest/Classes/test.xib; sourceTree = "<group>"; };
		E3C79D951EAF4ED200464BDC /* frame.h */ = {isa = PBXFileReference; lastKnownFileType = sourcecode.c.h; path = frame.h; sourceTree = "<group>"; };
		E3C79D961EAF4ED200464BDC /* Info.plist */ = {isa = PBXFileReference; lastKnownFileType = text.plist.xml; path = Info.plist; sourceTree = "<group>"; };
		E3C79DA51EAF4F0700464BDC /* static.h */ = {isa = PBXFileReference; lastKnownFileType = sourcecode.c.h; path = static.h; sourceTree = "<group>"; };
		E3C79DA61EAF4F0700464BDC /* static.m */ = {isa = PBXFileReference; lastKnownFileType = sourcecode.c.objc; path = static.m; sourceTree = "<group>"; };
		E3C79DB21EAF4F4300464BDC /* teste111.h */ = {isa = PBXFileReference; lastKnownFileType = sourcecode.c.h; path = teste111.h; sourceTree = "<group>"; };
		E3C79DB31EAF4F4300464BDC /* teste111.m */ = {isa = PBXFileReference; lastKnownFileType = sourcecode.c.objc; path = teste111.m; sourceTree = "<group>"; };
		E3C79DB91EAF546100464BDC /* tetetete.xib */ = {isa = PBXFileReference; fileEncoding = 4; lastKnownFileType = file.xib; path = tetetete.xib; sourceTree = "<group>"; };
		E3C79DBC1EAF552800464BDC /* tets222.xib */ = {isa = PBXFileReference; fileEncoding = 4; lastKnownFileType = file.xib; path = tets222.xib; sourceTree = "<group>"; };
		E3C79DC41EAF5CF300464BDC /* mibon.png */ = {isa = PBXFileReference; lastKnownFileType = image.png; path = mibon.png; sourceTree = "<group>"; };
		E3C79DC81EAF5E0600464BDC /* mibon.png */ = {isa = PBXFileReference; lastKnownFileType = image.png; path = mibon.png; sourceTree = "<group>"; };
		E3C79DD21EAF5F2200464BDC /* ZTdsdnk.h */ = {isa = PBXFileReference; fileEncoding = 4; lastKnownFileType = sourcecode.c.h; path = ZTdsdnk.h; sourceTree = "<group>"; };
		E3C79DD31EAF5F2200464BDC /* ZTdsdnk.m */ = {isa = PBXFileReference; fileEncoding = 4; lastKnownFileType = sourcecode.c.objc; path = ZTdsdnk.m; sourceTree = "<group>"; };
/* End PBXFileReference section */

/* Begin PBXFrameworksBuildPhase section */
		6003F587195388D20070C39A /* Frameworks */ = {
			isa = PBXFrameworksBuildPhase;
			buildActionMask = 2147483647;
			files = (
				6003F590195388D20070C39A /* CoreGraphics.framework in Frameworks */,
				6003F592195388D20070C39A /* UIKit.framework in Frameworks */,
				6003F58E195388D20070C39A /* Foundation.framework in Frameworks */,
				3CF70735B1BCE19469008340 /* Pods_PodTest_Example.framework in Frameworks */,
				E3790EFD1EAC9BCA00C60EA5 /* PodTestBinary.framework in Frameworks */,
			);
			runOnlyForDeploymentPostprocessing = 0;
		};
		6003F5AB195388D20070C39A /* Frameworks */ = {
			isa = PBXFrameworksBuildPhase;
			buildActionMask = 2147483647;
			files = (
				6003F5B0195388D20070C39A /* XCTest.framework in Frameworks */,
				6003F5B2195388D20070C39A /* UIKit.framework in Frameworks */,
				6003F5B1195388D20070C39A /* Foundation.framework in Frameworks */,
				D5604C4FBBB9500176F585EF /* Pods_PodTest_Tests.framework in Frameworks */,
			);
			runOnlyForDeploymentPostprocessing = 0;
		};
		E3790EF21EAC9BCA00C60EA5 /* Frameworks */ = {
			isa = PBXFrameworksBuildPhase;
			buildActionMask = 2147483647;
			files = (
				BE5C8AF91AB502D459E0F26D /* Pods_PodTestBinary.framework in Frameworks */,
			);
			runOnlyForDeploymentPostprocessing = 0;
		};
/* End PBXFrameworksBuildPhase section */

/* Begin PBXGroup section */
		377BE3A5896A29EFC966ACB6 /* Pods */ = {
			isa = PBXGroup;
			children = (
				B19523D65ABF304218EA7B17 /* Pods-PodTest_Example.debug.xcconfig */,
				0D79AF04B2ED6BCCBE3543F5 /* Pods-PodTest_Example.release.xcconfig */,
				14DC47398FED2F36790E2FDB /* Pods-PodTest_Tests.debug.xcconfig */,
				377DB171E69BFC5AE06CDA86 /* Pods-PodTest_Tests.release.xcconfig */,
				C6E9D7B5EFC915B9AA58082A /* Pods-TestBinary.debug.xcconfig */,
				1EB4A3E275A41415C4978563 /* Pods-TestBinary.release.xcconfig */,
				72C341A1B590ED565968BFCB /* Pods-PodTestBinary.debug.xcconfig */,
				8A75B221C44702EFDDE76C65 /* Pods-PodTestBinary.release.xcconfig */,
			);
			name = Pods;
			sourceTree = "<group>";
		};
		6003F581195388D10070C39A = {
			isa = PBXGroup;
			children = (
				E3C79DC41EAF5CF300464BDC /* mibon.png */,
				60FF7A9C1954A5C5007DD14C /* Podspec Metadata */,
				6003F593195388D20070C39A /* Example for PodTest */,
				6003F5B5195388D20070C39A /* Tests */,
				E3790EF71EAC9BCA00C60EA5 /* PodTestBinary */,
				E3790F691EAD069100C60EA5 /* test */,
				E3C79D941EAF4ED200464BDC /* frame */,
				E3C79DA41EAF4F0700464BDC /* static */,
				E3C79DB11EAF4F4300464BDC /* teste111 */,
				6003F58C195388D20070C39A /* Frameworks */,
				6003F58B195388D20070C39A /* Products */,
				377BE3A5896A29EFC966ACB6 /* Pods */,
			);
			sourceTree = "<group>";
		};
		6003F58B195388D20070C39A /* Products */ = {
			isa = PBXGroup;
			children = (
				6003F58A195388D20070C39A /* PodTest_Example.app */,
				6003F5AE195388D20070C39A /* PodTest_Tests.xctest */,
				E3790EF61EAC9BCA00C60EA5 /* PodTestBinary.framework */,
			);
			name = Products;
			sourceTree = "<group>";
		};
		6003F58C195388D20070C39A /* Frameworks */ = {
			isa = PBXGroup;
			children = (
				6003F58D195388D20070C39A /* Foundation.framework */,
				6003F58F195388D20070C39A /* CoreGraphics.framework */,
				6003F591195388D20070C39A /* UIKit.framework */,
				6003F5AF195388D20070C39A /* XCTest.framework */,
				96880BFD73B91FC8C5960E16 /* Pods_PodTest_Example.framework */,
				564B2D7393340A59164259EF /* Pods_PodTest_Tests.framework */,
				8587A093920CB35D310DB21A /* Pods_TestBinary.framework */,
				9841E547F2CBADAFEFFFC68D /* Pods_PodTestBinary.framework */,
			);
			name = Frameworks;
			sourceTree = "<group>";
		};
		6003F593195388D20070C39A /* Example for PodTest */ = {
			isa = PBXGroup;
			children = (
				6003F59C195388D20070C39A /* ZTAppDelegate.h */,
				6003F59D195388D20070C39A /* ZTAppDelegate.m */,
				873B8AEA1B1F5CCA007FD442 /* Main.storyboard */,
				6003F5A5195388D20070C39A /* ZTViewController.h */,
				6003F5A6195388D20070C39A /* ZTViewController.m */,
				71719F9D1E33DC2100824A3D /* LaunchScreen.storyboard */,
				6003F5A8195388D20070C39A /* Images.xcassets */,
				6003F594195388D20070C39A /* Supporting Files */,
			);
			name = "Example for PodTest";
			path = PodTest;
			sourceTree = "<group>";
		};
		6003F594195388D20070C39A /* Supporting Files */ = {
			isa = PBXGroup;
			children = (
				6003F595195388D20070C39A /* PodTest-Info.plist */,
				6003F596195388D20070C39A /* InfoPlist.strings */,
				6003F599195388D20070C39A /* main.m */,
				6003F59B195388D20070C39A /* PodTest-Prefix.pch */,
			);
			name = "Supporting Files";
			sourceTree = "<group>";
		};
		6003F5B5195388D20070C39A /* Tests */ = {
			isa = PBXGroup;
			children = (
				6003F5BB195388D20070C39A /* Tests.m */,
				6003F5B6195388D20070C39A /* Supporting Files */,
			);
			path = Tests;
			sourceTree = "<group>";
		};
		6003F5B6195388D20070C39A /* Supporting Files */ = {
			isa = PBXGroup;
			children = (
				6003F5B7195388D20070C39A /* Tests-Info.plist */,
				6003F5B8195388D20070C39A /* InfoPlist.strings */,
				606FC2411953D9B200FFA9A0 /* Tests-Prefix.pch */,
			);
			name = "Supporting Files";
			sourceTree = "<group>";
		};
		60FF7A9C1954A5C5007DD14C /* Podspec Metadata */ = {
			isa = PBXGroup;
			children = (
				41666C222503DF5E1D5EDA87 /* PodTest.podspec */,
				D379A3DB9749CFE4A9239FCE /* README.md */,
				B119737A8575510D48D661FF /* LICENSE */,
			);
			name = "Podspec Metadata";
			sourceTree = "<group>";
		};
		E3790EF71EAC9BCA00C60EA5 /* PodTestBinary */ = {
			isa = PBXGroup;
			children = (
				E3790F0A1EAC9C0A00C60EA5 /* test.h */,
				E3790F0B1EAC9C0A00C60EA5 /* test.m */,
				E3C79D8C1EAF4D9400464BDC /* test.xib */,
				E3790EF81EAC9BCA00C60EA5 /* PodTestBinary.h */,
				E3790EF91EAC9BCA00C60EA5 /* Info.plist */,
			);
			path = PodTestBinary;
			sourceTree = "<group>";
		};
		E3790F691EAD069100C60EA5 /* test */ = {
			isa = PBXGroup;
			children = (
				E3790F6D1EAD069100C60EA5 /* AppDelegate.h */,
				E3790F6E1EAD069100C60EA5 /* AppDelegate.m */,
				E3790F701EAD069100C60EA5 /* ViewController.h */,
				E3790F711EAD069100C60EA5 /* ViewController.m */,
				E3790F731EAD069100C60EA5 /* Main.storyboard */,
				E3790F761EAD069100C60EA5 /* Assets.xcassets */,
				E3790F781EAD069100C60EA5 /* LaunchScreen.storyboard */,
				E3790F7B1EAD069100C60EA5 /* Info.plist */,
				E3790F6A1EAD069100C60EA5 /* Supporting Files */,
			);
			path = test;
			sourceTree = "<group>";
		};
		E3790F6A1EAD069100C60EA5 /* Supporting Files */ = {
			isa = PBXGroup;
			children = (
				E3790F6B1EAD069100C60EA5 /* main.m */,
			);
			name = "Supporting Files";
			sourceTree = "<group>";
		};
		E3C79D941EAF4ED200464BDC /* frame */ = {
			isa = PBXGroup;
			children = (
				E3C79D951EAF4ED200464BDC /* frame.h */,
				E3C79D961EAF4ED200464BDC /* Info.plist */,
				E3C79DBC1EAF552800464BDC /* tets222.xib */,
				E3C79DC81EAF5E0600464BDC /* mibon.png */,
				E3C79DD21EAF5F2200464BDC /* ZTdsdnk.h */,
				E3C79DD31EAF5F2200464BDC /* ZTdsdnk.m */,
			);
			path = frame;
			sourceTree = "<group>";
		};
		E3C79DA41EAF4F0700464BDC /* static */ = {
			isa = PBXGroup;
			children = (
				E3C79DA51EAF4F0700464BDC /* static.h */,
				E3C79DA61EAF4F0700464BDC /* static.m */,
			);
			path = static;
			sourceTree = "<group>";
		};
		E3C79DB11EAF4F4300464BDC /* teste111 */ = {
			isa = PBXGroup;
			children = (
				E3C79DB21EAF4F4300464BDC /* teste111.h */,
				E3C79DB31EAF4F4300464BDC /* teste111.m */,
				E3C79DB91EAF546100464BDC /* tetetete.xib */,
			);
			path = teste111;
			sourceTree = "<group>";
		};
/* End PBXGroup section */

/* Begin PBXHeadersBuildPhase section */
		E3790EF31EAC9BCA00C60EA5 /* Headers */ = {
			isa = PBXHeadersBuildPhase;
			buildActionMask = 2147483647;
			files = (
				E3790F0C1EAC9C0A00C60EA5 /* test.h in Headers */,
				E3790EFA1EAC9BCA00C60EA5 /* PodTestBinary.h in Headers */,
			);
			runOnlyForDeploymentPostprocessing = 0;
		};
/* End PBXHeadersBuildPhase section */

/* Begin PBXNativeTarget section */
		6003F589195388D20070C39A /* PodTest_Example */ = {
			isa = PBXNativeTarget;
			buildConfigurationList = 6003F5BF195388D20070C39A /* Build configuration list for PBXNativeTarget "PodTest_Example" */;
			buildPhases = (
				61906B9F482129F7C5E63760 /* [CP] Check Pods Manifest.lock */,
				6003F586195388D20070C39A /* Sources */,
				6003F587195388D20070C39A /* Frameworks */,
				6003F588195388D20070C39A /* Resources */,
				FC8D3BF39CA700538E40BB45 /* [CP] Embed Pods Frameworks */,
				B35437E5C426EAA4E07122D8 /* [CP] Copy Pods Resources */,
				E3790EE81EAC986300C60EA5 /* Embed Frameworks */,
			);
			buildRules = (
			);
			dependencies = (
				E3790EFC1EAC9BCA00C60EA5 /* PBXTargetDependency */,
			);
			name = PodTest_Example;
			productName = PodTest;
			productReference = 6003F58A195388D20070C39A /* PodTest_Example.app */;
			productType = "com.apple.product-type.application";
		};
		6003F5AD195388D20070C39A /* PodTest_Tests */ = {
			isa = PBXNativeTarget;
			buildConfigurationList = 6003F5C2195388D20070C39A /* Build configuration list for PBXNativeTarget "PodTest_Tests" */;
			buildPhases = (
				D15F979085E6447BC8073BB5 /* [CP] Check Pods Manifest.lock */,
				6003F5AA195388D20070C39A /* Sources */,
				6003F5AB195388D20070C39A /* Frameworks */,
				6003F5AC195388D20070C39A /* Resources */,
				947360F72F904AA3AB188321 /* [CP] Embed Pods Frameworks */,
				05365025D410721FF9853199 /* [CP] Copy Pods Resources */,
			);
			buildRules = (
			);
			dependencies = (
				6003F5B4195388D20070C39A /* PBXTargetDependency */,
			);
			name = PodTest_Tests;
			productName = PodTestTests;
			productReference = 6003F5AE195388D20070C39A /* PodTest_Tests.xctest */;
			productType = "com.apple.product-type.bundle.unit-test";
		};
		E3790EF51EAC9BCA00C60EA5 /* PodTestBinary */ = {
			isa = PBXNativeTarget;
			buildConfigurationList = E3790EFF1EAC9BCA00C60EA5 /* Build configuration list for PBXNativeTarget "PodTestBinary" */;
			buildPhases = (
				02C014E6BB467A8C4F82377D /* [CP] Check Pods Manifest.lock */,
				E3790EF11EAC9BCA00C60EA5 /* Sources */,
				E3790EF21EAC9BCA00C60EA5 /* Frameworks */,
				E3790EF31EAC9BCA00C60EA5 /* Headers */,
				E3790EF41EAC9BCA00C60EA5 /* Resources */,
				CFD71B5227D5D838CF6B73E7 /* [CP] Copy Pods Resources */,
			);
			buildRules = (
			);
			dependencies = (
			);
			name = PodTestBinary;
			productName = PodTestBinary;
			productReference = E3790EF61EAC9BCA00C60EA5 /* PodTestBinary.framework */;
			productType = "com.apple.product-type.framework";
		};
/* End PBXNativeTarget section */

/* Begin PBXProject section */
		6003F582195388D10070C39A /* Project object */ = {
			isa = PBXProject;
			attributes = {
				CLASSPREFIX = ZT;
				LastUpgradeCheck = 0720;
				ORGANIZATIONNAME = wuzhentao;
				TargetAttributes = {
					6003F5AD195388D20070C39A = {
						TestTargetID = 6003F589195388D20070C39A;
					};
					E3790EF51EAC9BCA00C60EA5 = {
						CreatedOnToolsVersion = 8.3;
						ProvisioningStyle = Automatic;
					};
				};
			};
			buildConfigurationList = 6003F585195388D10070C39A /* Build configuration list for PBXProject "PodTest" */;
			compatibilityVersion = "Xcode 3.2";
			developmentRegion = English;
			hasScannedForEncodings = 0;
			knownRegions = (
				en,
				Base,
			);
			mainGroup = 6003F581195388D10070C39A;
			productRefGroup = 6003F58B195388D20070C39A /* Products */;
			projectDirPath = "";
			projectRoot = "";
			targets = (
				6003F589195388D20070C39A /* PodTest_Example */,
				6003F5AD195388D20070C39A /* PodTest_Tests */,
				E3790EF51EAC9BCA00C60EA5 /* PodTestBinary */,
			);
		};
/* End PBXProject section */

/* Begin PBXResourcesBuildPhase section */
		6003F588195388D20070C39A /* Resources */ = {
			isa = PBXResourcesBuildPhase;
			buildActionMask = 2147483647;
			files = (
				873B8AEB1B1F5CCA007FD442 /* Main.storyboard in Resources */,
				71719F9F1E33DC2100824A3D /* LaunchScreen.storyboard in Resources */,
				6003F5A9195388D20070C39A /* Images.xcassets in Resources */,
				6003F598195388D20070C39A /* InfoPlist.strings in Resources */,
			);
			runOnlyForDeploymentPostprocessing = 0;
		};
		6003F5AC195388D20070C39A /* Resources */ = {
			isa = PBXResourcesBuildPhase;
			buildActionMask = 2147483647;
			files = (
				6003F5BA195388D20070C39A /* InfoPlist.strings in Resources */,
			);
			runOnlyForDeploymentPostprocessing = 0;
		};
		E3790EF41EAC9BCA00C60EA5 /* Resources */ = {
			isa = PBXResourcesBuildPhase;
			buildActionMask = 2147483647;
			files = (
				E3C79D8D1EAF4D9400464BDC /* test.xib in Resources */,
			);
			runOnlyForDeploymentPostprocessing = 0;
		};
/* End PBXResourcesBuildPhase section */

/* Begin PBXShellScriptBuildPhase section */
		02C014E6BB467A8C4F82377D /* [CP] Check Pods Manifest.lock */ = {
			isa = PBXShellScriptBuildPhase;
			buildActionMask = 2147483647;
			files = (
			);
			inputPaths = (
			);
			name = "[CP] Check Pods Manifest.lock";
			outputPaths = (
			);
			runOnlyForDeploymentPostprocessing = 0;
			shellPath = /bin/sh;
			shellScript = "diff \"${PODS_PODFILE_DIR_PATH}/Podfile.lock\" \"${PODS_ROOT}/Manifest.lock\" > /dev/null\nif [ $? != 0 ] ; then\n    # print error to STDERR\n    echo \"error: The sandbox is not in sync with the Podfile.lock. Run 'pod install' or update your CocoaPods installation.\" >&2\n    exit 1\nfi\n";
			showEnvVarsInLog = 0;
		};
		05365025D410721FF9853199 /* [CP] Copy Pods Resources */ = {
			isa = PBXShellScriptBuildPhase;
			buildActionMask = 2147483647;
			files = (
			);
			inputPaths = (
			);
			name = "[CP] Copy Pods Resources";
			outputPaths = (
			);
			runOnlyForDeploymentPostprocessing = 0;
			shellPath = /bin/sh;
			shellScript = "\"${SRCROOT}/Pods/Target Support Files/Pods-PodTest_Tests/Pods-PodTest_Tests-resources.sh\"\n";
			showEnvVarsInLog = 0;
		};
		61906B9F482129F7C5E63760 /* [CP] Check Pods Manifest.lock */ = {
			isa = PBXShellScriptBuildPhase;
			buildActionMask = 2147483647;
			files = (
			);
			inputPaths = (
			);
			name = "[CP] Check Pods Manifest.lock";
			outputPaths = (
			);
			runOnlyForDeploymentPostprocessing = 0;
			shellPath = /bin/sh;
			shellScript = "diff \"${PODS_PODFILE_DIR_PATH}/Podfile.lock\" \"${PODS_ROOT}/Manifest.lock\" > /dev/null\nif [ $? != 0 ] ; then\n    # print error to STDERR\n    echo \"error: The sandbox is not in sync with the Podfile.lock. Run 'pod install' or update your CocoaPods installation.\" >&2\n    exit 1\nfi\n";
			showEnvVarsInLog = 0;
		};
		947360F72F904AA3AB188321 /* [CP] Embed Pods Frameworks */ = {
			isa = PBXShellScriptBuildPhase;
			buildActionMask = 2147483647;
			files = (
			);
			inputPaths = (
			);
			name = "[CP] Embed Pods Frameworks";
			outputPaths = (
			);
			runOnlyForDeploymentPostprocessing = 0;
			shellPath = /bin/sh;
			shellScript = "\"${SRCROOT}/Pods/Target Support Files/Pods-PodTest_Tests/Pods-PodTest_Tests-frameworks.sh\"\n";
			showEnvVarsInLog = 0;
		};
		B35437E5C426EAA4E07122D8 /* [CP] Copy Pods Resources */ = {
			isa = PBXShellScriptBuildPhase;
			buildActionMask = 2147483647;
			files = (
			);
			inputPaths = (
			);
			name = "[CP] Copy Pods Resources";
			outputPaths = (
			);
			runOnlyForDeploymentPostprocessing = 0;
			shellPath = /bin/sh;
			shellScript = "\"${SRCROOT}/Pods/Target Support Files/Pods-PodTest_Example/Pods-PodTest_Example-resources.sh\"\n";
			showEnvVarsInLog = 0;
		};
		CFD71B5227D5D838CF6B73E7 /* [CP] Copy Pods Resources */ = {
			isa = PBXShellScriptBuildPhase;
			buildActionMask = 2147483647;
			files = (
			);
			inputPaths = (
			);
			name = "[CP] Copy Pods Resources";
			outputPaths = (
			);
			runOnlyForDeploymentPostprocessing = 0;
			shellPath = /bin/sh;
			shellScript = "\"${SRCROOT}/Pods/Target Support Files/Pods-PodTestBinary/Pods-PodTestBinary-resources.sh\"\n";
			showEnvVarsInLog = 0;
		};
		D15F979085E6447BC8073BB5 /* [CP] Check Pods Manifest.lock */ = {
			isa = PBXShellScriptBuildPhase;
			buildActionMask = 2147483647;
			files = (
			);
			inputPaths = (
			);
			name = "[CP] Check Pods Manifest.lock";
			outputPaths = (
			);
			runOnlyForDeploymentPostprocessing = 0;
			shellPath = /bin/sh;
			shellScript = "diff \"${PODS_PODFILE_DIR_PATH}/Podfile.lock\" \"${PODS_ROOT}/Manifest.lock\" > /dev/null\nif [ $? != 0 ] ; then\n    # print error to STDERR\n    echo \"error: The sandbox is not in sync with the Podfile.lock. Run 'pod install' or update your CocoaPods installation.\" >&2\n    exit 1\nfi\n";
			showEnvVarsInLog = 0;
		};
		FC8D3BF39CA700538E40BB45 /* [CP] Embed Pods Frameworks */ = {
			isa = PBXShellScriptBuildPhase;
			buildActionMask = 2147483647;
			files = (
			);
			inputPaths = (
			);
			name = "[CP] Embed Pods Frameworks";
			outputPaths = (
			);
			runOnlyForDeploymentPostprocessing = 0;
			shellPath = /bin/sh;
			shellScript = "\"${SRCROOT}/Pods/Target Support Files/Pods-PodTest_Example/Pods-PodTest_Example-frameworks.sh\"\n";
			showEnvVarsInLog = 0;
		};
/* End PBXShellScriptBuildPhase section */

/* Begin PBXSourcesBuildPhase section */
		6003F586195388D20070C39A /* Sources */ = {
			isa = PBXSourcesBuildPhase;
			buildActionMask = 2147483647;
			files = (
				6003F59E195388D20070C39A /* ZTAppDelegate.m in Sources */,
				6003F5A7195388D20070C39A /* ZTViewController.m in Sources */,
				6003F59A195388D20070C39A /* main.m in Sources */,
			);
			runOnlyForDeploymentPostprocessing = 0;
		};
		6003F5AA195388D20070C39A /* Sources */ = {
			isa = PBXSourcesBuildPhase;
			buildActionMask = 2147483647;
			files = (
				6003F5BC195388D20070C39A /* Tests.m in Sources */,
			);
			runOnlyForDeploymentPostprocessing = 0;
		};
		E3790EF11EAC9BCA00C60EA5 /* Sources */ = {
			isa = PBXSourcesBuildPhase;
			buildActionMask = 2147483647;
			files = (
				E3790F0D1EAC9C0A00C60EA5 /* test.m in Sources */,
			);
			runOnlyForDeploymentPostprocessing = 0;
		};
/* End PBXSourcesBuildPhase section */

/* Begin PBXTargetDependency section */
		6003F5B4195388D20070C39A /* PBXTargetDependency */ = {
			isa = PBXTargetDependency;
			target = 6003F589195388D20070C39A /* PodTest_Example */;
			targetProxy = 6003F5B3195388D20070C39A /* PBXContainerItemProxy */;
		};
		E3790EFC1EAC9BCA00C60EA5 /* PBXTargetDependency */ = {
			isa = PBXTargetDependency;
			target = E3790EF51EAC9BCA00C60EA5 /* PodTestBinary */;
			targetProxy = E3790EFB1EAC9BCA00C60EA5 /* PBXContainerItemProxy */;
		};
/* End PBXTargetDependency section */

/* Begin PBXVariantGroup section */
		6003F596195388D20070C39A /* InfoPlist.strings */ = {
			isa = PBXVariantGroup;
			children = (
				6003F597195388D20070C39A /* en */,
			);
			name = InfoPlist.strings;
			sourceTree = "<group>";
		};
		6003F5B8195388D20070C39A /* InfoPlist.strings */ = {
			isa = PBXVariantGroup;
			children = (
				6003F5B9195388D20070C39A /* en */,
			);
			name = InfoPlist.strings;
			sourceTree = "<group>";
		};
		71719F9D1E33DC2100824A3D /* LaunchScreen.storyboard */ = {
			isa = PBXVariantGroup;
			children = (
				71719F9E1E33DC2100824A3D /* Base */,
			);
			name = LaunchScreen.storyboard;
			sourceTree = "<group>";
		};
		E3790F731EAD069100C60EA5 /* Main.storyboard */ = {
			isa = PBXVariantGroup;
			children = (
				E3790F741EAD069100C60EA5 /* Base */,
			);
			name = Main.storyboard;
			sourceTree = "<group>";
		};
		E3790F781EAD069100C60EA5 /* LaunchScreen.storyboard */ = {
			isa = PBXVariantGroup;
			children = (
				E3790F791EAD069100C60EA5 /* Base */,
			);
			name = LaunchScreen.storyboard;
			sourceTree = "<group>";
		};
/* End PBXVariantGroup section */

/* Begin XCBuildConfiguration section */
		6003F5BD195388D20070C39A /* Debug */ = {
			isa = XCBuildConfiguration;
			buildSettings = {
				ALWAYS_SEARCH_USER_PATHS = NO;
				CLANG_CXX_LANGUAGE_STANDARD = "gnu++0x";
				CLANG_CXX_LIBRARY = "libc++";
				CLANG_ENABLE_MODULES = YES;
				CLANG_ENABLE_OBJC_ARC = YES;
				CLANG_WARN_BOOL_CONVERSION = YES;
				CLANG_WARN_CONSTANT_CONVERSION = YES;
				CLANG_WARN_DIRECT_OBJC_ISA_USAGE = YES_ERROR;
				CLANG_WARN_EMPTY_BODY = YES;
				CLANG_WARN_ENUM_CONVERSION = YES;
				CLANG_WARN_INT_CONVERSION = YES;
				CLANG_WARN_OBJC_ROOT_CLASS = YES_ERROR;
				CLANG_WARN__DUPLICATE_METHOD_MATCH = YES;
				"CODE_SIGN_IDENTITY[sdk=iphoneos*]" = "iPhone Developer";
				COPY_PHASE_STRIP = NO;
				ENABLE_TESTABILITY = YES;
				GCC_C_LANGUAGE_STANDARD = gnu99;
				GCC_DYNAMIC_NO_PIC = NO;
				GCC_OPTIMIZATION_LEVEL = 0;
				GCC_PREPROCESSOR_DEFINITIONS = (
					"DEBUG=1",
					"$(inherited)",
				);
				GCC_SYMBOLS_PRIVATE_EXTERN = NO;
				GCC_WARN_64_TO_32_BIT_CONVERSION = YES;
				GCC_WARN_ABOUT_RETURN_TYPE = YES_ERROR;
				GCC_WARN_UNDECLARED_SELECTOR = YES;
				GCC_WARN_UNINITIALIZED_AUTOS = YES_AGGRESSIVE;
				GCC_WARN_UNUSED_FUNCTION = YES;
				GCC_WARN_UNUSED_VARIABLE = YES;
				IPHONEOS_DEPLOYMENT_TARGET = 8.3;
				ONLY_ACTIVE_ARCH = YES;
				SDKROOT = iphoneos;
				TARGETED_DEVICE_FAMILY = "1,2";
			};
			name = Debug;
		};
		6003F5BE195388D20070C39A /* Release */ = {
			isa = XCBuildConfiguration;
			buildSettings = {
				ALWAYS_SEARCH_USER_PATHS = NO;
				CLANG_CXX_LANGUAGE_STANDARD = "gnu++0x";
				CLANG_CXX_LIBRARY = "libc++";
				CLANG_ENABLE_MODULES = YES;
				CLANG_ENABLE_OBJC_ARC = YES;
				CLANG_WARN_BOOL_CONVERSION = YES;
				CLANG_WARN_CONSTANT_CONVERSION = YES;
				CLANG_WARN_DIRECT_OBJC_ISA_USAGE = YES_ERROR;
				CLANG_WARN_EMPTY_BODY = YES;
				CLANG_WARN_ENUM_CONVERSION = YES;
				CLANG_WARN_INT_CONVERSION = YES;
				CLANG_WARN_OBJC_ROOT_CLASS = YES_ERROR;
				CLANG_WARN__DUPLICATE_METHOD_MATCH = YES;
				"CODE_SIGN_IDENTITY[sdk=iphoneos*]" = "iPhone Developer";
				COPY_PHASE_STRIP = YES;
				ENABLE_NS_ASSERTIONS = NO;
				GCC_C_LANGUAGE_STANDARD = gnu99;
				GCC_WARN_64_TO_32_BIT_CONVERSION = YES;
				GCC_WARN_ABOUT_RETURN_TYPE = YES_ERROR;
				GCC_WARN_UNDECLARED_SELECTOR = YES;
				GCC_WARN_UNINITIALIZED_AUTOS = YES_AGGRESSIVE;
				GCC_WARN_UNUSED_FUNCTION = YES;
				GCC_WARN_UNUSED_VARIABLE = YES;
				IPHONEOS_DEPLOYMENT_TARGET = 8.3;
				SDKROOT = iphoneos;
				TARGETED_DEVICE_FAMILY = "1,2";
				VALIDATE_PRODUCT = YES;
			};
			name = Release;
		};
		6003F5C0195388D20070C39A /* Debug */ = {
			isa = XCBuildConfiguration;
			baseConfigurationReference = B19523D65ABF304218EA7B17 /* Pods-PodTest_Example.debug.xcconfig */;
			buildSettings = {
				ASSETCATALOG_COMPILER_APPICON_NAME = AppIcon;
				GCC_PRECOMPILE_PREFIX_HEADER = YES;
				GCC_PREFIX_HEADER = "PodTest/PodTest-Prefix.pch";
				INFOPLIST_FILE = "PodTest/PodTest-Info.plist";
				LD_RUNPATH_SEARCH_PATHS = "$(inherited) @executable_path/Frameworks";
				MODULE_NAME = ExampleApp;
				PRODUCT_BUNDLE_IDENTIFIER = "org.cocoapods.demo.${PRODUCT_NAME:rfc1034identifier}";
				PRODUCT_NAME = "$(TARGET_NAME)";
				WRAPPER_EXTENSION = app;
			};
			name = Debug;
		};
		6003F5C1195388D20070C39A /* Release */ = {
			isa = XCBuildConfiguration;
			baseConfigurationReference = 0D79AF04B2ED6BCCBE3543F5 /* Pods-PodTest_Example.release.xcconfig */;
			buildSettings = {
				ASSETCATALOG_COMPILER_APPICON_NAME = AppIcon;
				GCC_PRECOMPILE_PREFIX_HEADER = YES;
				GCC_PREFIX_HEADER = "PodTest/PodTest-Prefix.pch";
				INFOPLIST_FILE = "PodTest/PodTest-Info.plist";
				LD_RUNPATH_SEARCH_PATHS = "$(inherited) @executable_path/Frameworks";
				MODULE_NAME = ExampleApp;
				PRODUCT_BUNDLE_IDENTIFIER = "org.cocoapods.demo.${PRODUCT_NAME:rfc1034identifier}";
				PRODUCT_NAME = "$(TARGET_NAME)";
				WRAPPER_EXTENSION = app;
			};
			name = Release;
		};
		6003F5C3195388D20070C39A /* Debug */ = {
			isa = XCBuildConfiguration;
			baseConfigurationReference = 14DC47398FED2F36790E2FDB /* Pods-PodTest_Tests.debug.xcconfig */;
			buildSettings = {
				BUNDLE_LOADER = "$(TEST_HOST)";
				FRAMEWORK_SEARCH_PATHS = (
					"$(SDKROOT)/Developer/Library/Frameworks",
					"$(inherited)",
					"$(DEVELOPER_FRAMEWORKS_DIR)",
				);
				GCC_PRECOMPILE_PREFIX_HEADER = YES;
				GCC_PREFIX_HEADER = "Tests/Tests-Prefix.pch";
				GCC_PREPROCESSOR_DEFINITIONS = (
					"DEBUG=1",
					"$(inherited)",
				);
				INFOPLIST_FILE = "Tests/Tests-Info.plist";
				PRODUCT_BUNDLE_IDENTIFIER = "org.cocoapods.demo.${PRODUCT_NAME:rfc1034identifier}";
				PRODUCT_NAME = "$(TARGET_NAME)";
				TEST_HOST = "$(BUILT_PRODUCTS_DIR)/PodTest_Example.app/PodTest_Example";
				WRAPPER_EXTENSION = xctest;
			};
			name = Debug;
		};
		6003F5C4195388D20070C39A /* Release */ = {
			isa = XCBuildConfiguration;
			baseConfigurationReference = 377DB171E69BFC5AE06CDA86 /* Pods-PodTest_Tests.release.xcconfig */;
			buildSettings = {
				BUNDLE_LOADER = "$(TEST_HOST)";
				FRAMEWORK_SEARCH_PATHS = (
					"$(SDKROOT)/Developer/Library/Frameworks",
					"$(inherited)",
					"$(DEVELOPER_FRAMEWORKS_DIR)",
				);
				GCC_PRECOMPILE_PREFIX_HEADER = YES;
				GCC_PREFIX_HEADER = "Tests/Tests-Prefix.pch";
				INFOPLIST_FILE = "Tests/Tests-Info.plist";
				PRODUCT_BUNDLE_IDENTIFIER = "org.cocoapods.demo.${PRODUCT_NAME:rfc1034identifier}";
				PRODUCT_NAME = "$(TARGET_NAME)";
				TEST_HOST = "$(BUILT_PRODUCTS_DIR)/PodTest_Example.app/PodTest_Example";
				WRAPPER_EXTENSION = xctest;
			};
			name = Release;
		};
		E3790F001EAC9BCA00C60EA5 /* Debug */ = {
			isa = XCBuildConfiguration;
			baseConfigurationReference = 72C341A1B590ED565968BFCB /* Pods-PodTestBinary.debug.xcconfig */;
			buildSettings = {
				CLANG_ANALYZER_NONNULL = YES;
				CLANG_ANALYZER_NUMBER_OBJECT_CONVERSION = YES_AGGRESSIVE;
				CLANG_WARN_DOCUMENTATION_COMMENTS = YES;
				CLANG_WARN_INFINITE_RECURSION = YES;
				CLANG_WARN_SUSPICIOUS_MOVE = YES;
				CLANG_WARN_UNREACHABLE_CODE = YES;
				CODE_SIGN_IDENTITY = "";
				CURRENT_PROJECT_VERSION = 1;
				DEBUG_INFORMATION_FORMAT = dwarf;
				DEFINES_MODULE = YES;
				DYLIB_COMPATIBILITY_VERSION = 1;
				DYLIB_CURRENT_VERSION = 1;
				DYLIB_INSTALL_NAME_BASE = "@rpath";
				ENABLE_STRICT_OBJC_MSGSEND = YES;
				GCC_NO_COMMON_BLOCKS = YES;
				INFOPLIST_FILE = PodTestBinary/Info.plist;
				INSTALL_PATH = "$(LOCAL_LIBRARY_DIR)/Frameworks";
				IPHONEOS_DEPLOYMENT_TARGET = 8.0;
				LD_RUNPATH_SEARCH_PATHS = "$(inherited) @executable_path/Frameworks @loader_path/Frameworks";
				MTL_ENABLE_DEBUG_INFO = YES;
				PRODUCT_BUNDLE_IDENTIFIER = LianJia.PodTestBinary;
				PRODUCT_NAME = "$(TARGET_NAME)";
				SKIP_INSTALL = YES;
				VERSIONING_SYSTEM = "apple-generic";
				VERSION_INFO_PREFIX = "";
			};
			name = Debug;
		};
		E3790F011EAC9BCA00C60EA5 /* Release */ = {
			isa = XCBuildConfiguration;
			baseConfigurationReference = 8A75B221C44702EFDDE76C65 /* Pods-PodTestBinary.release.xcconfig */;
			buildSettings = {
				CLANG_ANALYZER_NONNULL = YES;
				CLANG_ANALYZER_NUMBER_OBJECT_CONVERSION = YES_AGGRESSIVE;
				CLANG_WARN_DOCUMENTATION_COMMENTS = YES;
				CLANG_WARN_INFINITE_RECURSION = YES;
				CLANG_WARN_SUSPICIOUS_MOVE = YES;
				CLANG_WARN_UNREACHABLE_CODE = YES;
				CODE_SIGN_IDENTITY = "";
				COPY_PHASE_STRIP = NO;
				CURRENT_PROJECT_VERSION = 1;
				DEBUG_INFORMATION_FORMAT = "dwarf-with-dsym";
				DEFINES_MODULE = YES;
				DYLIB_COMPATIBILITY_VERSION = 1;
				DYLIB_CURRENT_VERSION = 1;
				DYLIB_INSTALL_NAME_BASE = "@rpath";
				ENABLE_STRICT_OBJC_MSGSEND = YES;
				GCC_NO_COMMON_BLOCKS = YES;
				INFOPLIST_FILE = PodTestBinary/Info.plist;
				INSTALL_PATH = "$(LOCAL_LIBRARY_DIR)/Frameworks";
				IPHONEOS_DEPLOYMENT_TARGET = 8.0;
				LD_RUNPATH_SEARCH_PATHS = "$(inherited) @executable_path/Frameworks @loader_path/Frameworks";
				MTL_ENABLE_DEBUG_INFO = NO;
				PRODUCT_BUNDLE_IDENTIFIER = LianJia.PodTestBinary;
				PRODUCT_NAME = "$(TARGET_NAME)";
				SKIP_INSTALL = YES;
				VERSIONING_SYSTEM = "apple-generic";
				VERSION_INFO_PREFIX = "";
			};
			name = Release;
		};
/* End XCBuildConfiguration section */

/* Begin XCConfigurationList section */
		6003F585195388D10070C39A /* Build configuration list for PBXProject "PodTest" */ = {
			isa = XCConfigurationList;
			buildConfigurations = (
				6003F5BD195388D20070C39A /* Debug */,
				6003F5BE195388D20070C39A /* Release */,
			);
			defaultConfigurationIsVisible = 0;
			defaultConfigurationName = Release;
		};
		6003F5BF195388D20070C39A /* Build configuration list for PBXNativeTarget "PodTest_Example" */ = {
			isa = XCConfigurationList;
			buildConfigurations = (
				6003F5C0195388D20070C39A /* Debug */,
				6003F5C1195388D20070C39A /* Release */,
			);
			defaultConfigurationIsVisible = 0;
			defaultConfigurationName = Release;
		};
		6003F5C2195388D20070C39A /* Build configuration list for PBXNativeTarget "PodTest_Tests" */ = {
			isa = XCConfigurationList;
			buildConfigurations = (
				6003F5C3195388D20070C39A /* Debug */,
				6003F5C4195388D20070C39A /* Release */,
			);
			defaultConfigurationIsVisible = 0;
			defaultConfigurationName = Release;
		};
		E3790EFF1EAC9BCA00C60EA5 /* Build configuration list for PBXNativeTarget "PodTestBinary" */ = {
			isa = XCConfigurationList;
			buildConfigurations = (
				E3790F001EAC9BCA00C60EA5 /* Debug */,
				E3790F011EAC9BCA00C60EA5 /* Release */,
			);
			defaultConfigurationIsVisible = 0;
			defaultConfigurationName = Release;
		};
/* End XCConfigurationList section */
	};
	rootObject = 6003F582195388D10070C39A /* Project object */;
}
